// !$*UTF8*$!
{
	archiveVersion = 1;
	classes = {
	};
	objectVersion = 51;
	objects = {

/* Begin PBXBuildFile section */
		1C522D543B3DFBCED297EAFD /* Pods_Facebook_Auth.framework in Frameworks */ = {isa = PBXBuildFile; fileRef = FB839B58B346098EFC8B0BC0 /* Pods_Facebook_Auth.framework */; };
		6BC54996258EBCB300E8A652 /* Users.swift in Sources */ = {isa = PBXBuildFile; fileRef = 6BC54995258EBCB300E8A652 /* Users.swift */; };
		6BD60CC4258E71FC00F3E8C5 /* AppDelegate.swift in Sources */ = {isa = PBXBuildFile; fileRef = 6BD60CC3258E71FC00F3E8C5 /* AppDelegate.swift */; };
		6BD60CC6258E71FC00F3E8C5 /* SceneDelegate.swift in Sources */ = {isa = PBXBuildFile; fileRef = 6BD60CC5258E71FC00F3E8C5 /* SceneDelegate.swift */; };
		6BD60CC8258E71FC00F3E8C5 /* LoginViewController.swift in Sources */ = {isa = PBXBuildFile; fileRef = 6BD60CC7258E71FC00F3E8C5 /* LoginViewController.swift */; };
		6BD60CCB258E71FC00F3E8C5 /* LoginViewController.storyboard in Resources */ = {isa = PBXBuildFile; fileRef = 6BD60CC9258E71FC00F3E8C5 /* LoginViewController.storyboard */; };
		6BD60CCD258E71FE00F3E8C5 /* Assets.xcassets in Resources */ = {isa = PBXBuildFile; fileRef = 6BD60CCC258E71FE00F3E8C5 /* Assets.xcassets */; };
		6BD60CD0258E71FE00F3E8C5 /* LaunchScreen.storyboard in Resources */ = {isa = PBXBuildFile; fileRef = 6BD60CCE258E71FE00F3E8C5 /* LaunchScreen.storyboard */; };
		6BD60CF2258E916100F3E8C5 /* ProfileViewController.storyboard in Resources */ = {isa = PBXBuildFile; fileRef = 6BD60CF1258E916100F3E8C5 /* ProfileViewController.storyboard */; };
		6BD60CF5258E916F00F3E8C5 /* ProfileViewController.swift in Sources */ = {isa = PBXBuildFile; fileRef = 6BD60CF4258E916F00F3E8C5 /* ProfileViewController.swift */; };
		6BD60CF9258E919900F3E8C5 /* ViewManager.swift in Sources */ = {isa = PBXBuildFile; fileRef = 6BD60CF8258E919900F3E8C5 /* ViewManager.swift */; };
		6BD60D20258EAE9C00F3E8C5 /* GoogleService-Info.plist in Resources */ = {isa = PBXBuildFile; fileRef = 6BD60D1F258EAE9C00F3E8C5 /* GoogleService-Info.plist */; };
/* End PBXBuildFile section */

/* Begin PBXFileReference section */
		6BC54995258EBCB300E8A652 /* Users.swift */ = {isa = PBXFileReference; lastKnownFileType = sourcecode.swift; path = Users.swift; sourceTree = "<group>"; };
		6BD60CC0258E71FC00F3E8C5 /* Facebook Auth.app */ = {isa = PBXFileReference; explicitFileType = wrapper.application; includeInIndex = 0; path = "Facebook Auth.app"; sourceTree = BUILT_PRODUCTS_DIR; };
		6BD60CC3258E71FC00F3E8C5 /* AppDelegate.swift */ = {isa = PBXFileReference; lastKnownFileType = sourcecode.swift; path = AppDelegate.swift; sourceTree = "<group>"; };
		6BD60CC5258E71FC00F3E8C5 /* SceneDelegate.swift */ = {isa = PBXFileReference; lastKnownFileType = sourcecode.swift; path = SceneDelegate.swift; sourceTree = "<group>"; };
		6BD60CC7258E71FC00F3E8C5 /* LoginViewController.swift */ = {isa = PBXFileReference; lastKnownFileType = sourcecode.swift; path = LoginViewController.swift; sourceTree = "<group>"; };
		6BD60CCA258E71FC00F3E8C5 /* Base */ = {isa = PBXFileReference; lastKnownFileType = file.storyboard; name = Base; path = Base.lproj/LoginViewController.storyboard; sourceTree = "<group>"; };
		6BD60CCC258E71FE00F3E8C5 /* Assets.xcassets */ = {isa = PBXFileReference; lastKnownFileType = folder.assetcatalog; path = Assets.xcassets; sourceTree = "<group>"; };
		6BD60CCF258E71FE00F3E8C5 /* Base */ = {isa = PBXFileReference; lastKnownFileType = file.storyboard; name = Base; path = Base.lproj/LaunchScreen.storyboard; sourceTree = "<group>"; };
		6BD60CD1258E71FE00F3E8C5 /* Info.plist */ = {isa = PBXFileReference; lastKnownFileType = text.plist.xml; path = Info.plist; sourceTree = "<group>"; };
		6BD60CD8258E720F00F3E8C5 /* Facebook Auth.entitlements */ = {isa = PBXFileReference; lastKnownFileType = text.plist.entitlements; path = "Facebook Auth.entitlements"; sourceTree = "<group>"; };
		6BD60CF1258E916100F3E8C5 /* ProfileViewController.storyboard */ = {isa = PBXFileReference; lastKnownFileType = file.storyboard; path = ProfileViewController.storyboard; sourceTree = "<group>"; };
		6BD60CF4258E916F00F3E8C5 /* ProfileViewController.swift */ = {isa = PBXFileReference; lastKnownFileType = sourcecode.swift; path = ProfileViewController.swift; sourceTree = "<group>"; };
		6BD60CF8258E919900F3E8C5 /* ViewManager.swift */ = {isa = PBXFileReference; lastKnownFileType = sourcecode.swift; path = ViewManager.swift; sourceTree = "<group>"; };
		6BD60D1F258EAE9C00F3E8C5 /* GoogleService-Info.plist */ = {isa = PBXFileReference; fileEncoding = 4; lastKnownFileType = text.plist.xml; path = "GoogleService-Info.plist"; sourceTree = "<group>"; };
		813C0577E72B3270FA437333 /* Pods-Facebook Auth.debug.xcconfig */ = {isa = PBXFileReference; includeInIndex = 1; lastKnownFileType = text.xcconfig; name = "Pods-Facebook Auth.debug.xcconfig"; path = "Target Support Files/Pods-Facebook Auth/Pods-Facebook Auth.debug.xcconfig"; sourceTree = "<group>"; };
		E155E6C6F0400BCDEE4C6494 /* Pods-Facebook Auth.release.xcconfig */ = {isa = PBXFileReference; includeInIndex = 1; lastKnownFileType = text.xcconfig; name = "Pods-Facebook Auth.release.xcconfig"; path = "Target Support Files/Pods-Facebook Auth/Pods-Facebook Auth.release.xcconfig"; sourceTree = "<group>"; };
		FB839B58B346098EFC8B0BC0 /* Pods_Facebook_Auth.framework */ = {isa = PBXFileReference; explicitFileType = wrapper.framework; includeInIndex = 0; path = Pods_Facebook_Auth.framework; sourceTree = BUILT_PRODUCTS_DIR; };
/* End PBXFileReference section */

/* Begin PBXFrameworksBuildPhase section */
		6BD60CBD258E71FC00F3E8C5 /* Frameworks */ = {
			isa = PBXFrameworksBuildPhase;
			buildActionMask = 2147483647;
			files = (
				1C522D543B3DFBCED297EAFD /* Pods_Facebook_Auth.framework in Frameworks */,
			);
			runOnlyForDeploymentPostprocessing = 0;
		};
/* End PBXFrameworksBuildPhase section */

/* Begin PBXGroup section */
		121C441287D0B6D90443525A /* Frameworks */ = {
			isa = PBXGroup;
			children = (
				FB839B58B346098EFC8B0BC0 /* Pods_Facebook_Auth.framework */,
			);
			name = Frameworks;
			sourceTree = "<group>";
		};
		3AC4370855D8D7E538217046 /* Pods */ = {
			isa = PBXGroup;
			children = (
				813C0577E72B3270FA437333 /* Pods-Facebook Auth.debug.xcconfig */,
				E155E6C6F0400BCDEE4C6494 /* Pods-Facebook Auth.release.xcconfig */,
			);
			path = Pods;
			sourceTree = "<group>";
		};
		6BC54994258EBCA600E8A652 /* Model */ = {
			isa = PBXGroup;
			children = (
				6BC54995258EBCB300E8A652 /* Users.swift */,
			);
			path = Model;
			sourceTree = "<group>";
		};
		6BD60CB7258E71FC00F3E8C5 = {
			isa = PBXGroup;
			children = (
				6BD60CC2258E71FC00F3E8C5 /* Facebook Auth */,
				6BD60CC1258E71FC00F3E8C5 /* Products */,
				3AC4370855D8D7E538217046 /* Pods */,
				121C441287D0B6D90443525A /* Frameworks */,
			);
			sourceTree = "<group>";
		};
		6BD60CC1258E71FC00F3E8C5 /* Products */ = {
			isa = PBXGroup;
			children = (
				6BD60CC0258E71FC00F3E8C5 /* Facebook Auth.app */,
			);
			name = Products;
			sourceTree = "<group>";
		};
		6BD60CC2258E71FC00F3E8C5 /* Facebook Auth */ = {
			isa = PBXGroup;
			children = (
				6BD60CD8258E720F00F3E8C5 /* Facebook Auth.entitlements */,
				6BD60CEB258E798700F3E8C5 /* App */,
				6BD60CE4258E795100F3E8C5 /* Login */,
				6BD60CF0258E914400F3E8C5 /* Profile */,
				6BD60CEA258E797800F3E8C5 /* Support */,
			);
			path = "Facebook Auth";
			sourceTree = "<group>";
		};
		6BD60CE4258E795100F3E8C5 /* Login */ = {
			isa = PBXGroup;
			children = (
				6BD60CE8258E796C00F3E8C5 /* Controller */,
				6BD60CE7258E796700F3E8C5 /* View */,
			);
			path = Login;
			sourceTree = "<group>";
		};
		6BD60CE7258E796700F3E8C5 /* View */ = {
			isa = PBXGroup;
			children = (
				6BD60CC9258E71FC00F3E8C5 /* LoginViewController.storyboard */,
			);
			path = View;
			sourceTree = "<group>";
		};
		6BD60CE8258E796C00F3E8C5 /* Controller */ = {
			isa = PBXGroup;
			children = (
				6BD60CC7258E71FC00F3E8C5 /* LoginViewController.swift */,
			);
			path = Controller;
			sourceTree = "<group>";
		};
		6BD60CEA258E797800F3E8C5 /* Support */ = {
			isa = PBXGroup;
			children = (
				6BD60CC5258E71FC00F3E8C5 /* SceneDelegate.swift */,
				6BD60CCC258E71FE00F3E8C5 /* Assets.xcassets */,
				6BD60CCE258E71FE00F3E8C5 /* LaunchScreen.storyboard */,
				6BD60D1F258EAE9C00F3E8C5 /* GoogleService-Info.plist */,
				6BD60CD1258E71FE00F3E8C5 /* Info.plist */,
			);
			path = Support;
			sourceTree = "<group>";
		};
		6BD60CEB258E798700F3E8C5 /* App */ = {
			isa = PBXGroup;
			children = (
				6BC54994258EBCA600E8A652 /* Model */,
				6BD60CF7258E918B00F3E8C5 /* Helpers */,
				6BD60CED258E798F00F3E8C5 /* Controller */,
			);
			path = App;
			sourceTree = "<group>";
		};
		6BD60CED258E798F00F3E8C5 /* Controller */ = {
			isa = PBXGroup;
			children = (
				6BD60CC3258E71FC00F3E8C5 /* AppDelegate.swift */,
			);
			path = Controller;
			sourceTree = "<group>";
		};
		6BD60CF0258E914400F3E8C5 /* Profile */ = {
			isa = PBXGroup;
			children = (
				6BD60D1A258E929700F3E8C5 /* View */,
				6BD60D1B258E929C00F3E8C5 /* Controller */,
			);
			path = Profile;
			sourceTree = "<group>";
		};
		6BD60CF7258E918B00F3E8C5 /* Helpers */ = {
			isa = PBXGroup;
			children = (
				6BD60CF8258E919900F3E8C5 /* ViewManager.swift */,
			);
			path = Helpers;
			sourceTree = "<group>";
		};
		6BD60D1A258E929700F3E8C5 /* View */ = {
			isa = PBXGroup;
			children = (
				6BD60CF1258E916100F3E8C5 /* ProfileViewController.storyboard */,
			);
			path = View;
			sourceTree = "<group>";
		};
		6BD60D1B258E929C00F3E8C5 /* Controller */ = {
			isa = PBXGroup;
			children = (
				6BD60CF4258E916F00F3E8C5 /* ProfileViewController.swift */,
			);
			path = Controller;
			sourceTree = "<group>";
		};
/* End PBXGroup section */

/* Begin PBXNativeTarget section */
		6BD60CBF258E71FC00F3E8C5 /* Facebook Auth */ = {
			isa = PBXNativeTarget;
			buildConfigurationList = 6BD60CD4258E71FE00F3E8C5 /* Build configuration list for PBXNativeTarget "Facebook Auth" */;
			buildPhases = (
				C0B50893BAF0AF632502F738 /* [CP] Check Pods Manifest.lock */,
				6BD60CBC258E71FC00F3E8C5 /* Sources */,
				6BD60CBD258E71FC00F3E8C5 /* Frameworks */,
				6BD60CBE258E71FC00F3E8C5 /* Resources */,
				DF684C45DEECD3B1C17F44C9 /* [CP] Embed Pods Frameworks */,
			);
			buildRules = (
			);
			dependencies = (
			);
			name = "Facebook Auth";
			productName = "Facebook Auth";
			productReference = 6BD60CC0258E71FC00F3E8C5 /* Facebook Auth.app */;
			productType = "com.apple.product-type.application";
		};
/* End PBXNativeTarget section */

/* Begin PBXProject section */
		6BD60CB8258E71FC00F3E8C5 /* Project object */ = {
			isa = PBXProject;
			attributes = {
				LastSwiftUpdateCheck = 1230;
				LastUpgradeCheck = 1230;
				TargetAttributes = {
					6BD60CBF258E71FC00F3E8C5 = {
						CreatedOnToolsVersion = 12.3;
					};
				};
			};
			buildConfigurationList = 6BD60CBB258E71FC00F3E8C5 /* Build configuration list for PBXProject "Facebook Auth" */;
			compatibilityVersion = "Xcode 9.3";
			developmentRegion = en;
			hasScannedForEncodings = 0;
			knownRegions = (
				en,
				Base,
			);
			mainGroup = 6BD60CB7258E71FC00F3E8C5;
			productRefGroup = 6BD60CC1258E71FC00F3E8C5 /* Products */;
			projectDirPath = "";
			projectRoot = "";
			targets = (
				6BD60CBF258E71FC00F3E8C5 /* Facebook Auth */,
			);
		};
/* End PBXProject section */

/* Begin PBXResourcesBuildPhase section */
		6BD60CBE258E71FC00F3E8C5 /* Resources */ = {
			isa = PBXResourcesBuildPhase;
			buildActionMask = 2147483647;
			files = (
				6BD60CD0258E71FE00F3E8C5 /* LaunchScreen.storyboard in Resources */,
				6BD60CCD258E71FE00F3E8C5 /* Assets.xcassets in Resources */,
				6BD60D20258EAE9C00F3E8C5 /* GoogleService-Info.plist in Resources */,
				6BD60CF2258E916100F3E8C5 /* ProfileViewController.storyboard in Resources */,
				6BD60CCB258E71FC00F3E8C5 /* LoginViewController.storyboard in Resources */,
			);
			runOnlyForDeploymentPostprocessing = 0;
		};
/* End PBXResourcesBuildPhase section */

/* Begin PBXShellScriptBuildPhase section */
		C0B50893BAF0AF632502F738 /* [CP] Check Pods Manifest.lock */ = {
			isa = PBXShellScriptBuildPhase;
			buildActionMask = 2147483647;
			files = (
			);
			inputFileListPaths = (
			);
			inputPaths = (
				"${PODS_PODFILE_DIR_PATH}/Podfile.lock",
				"${PODS_ROOT}/Manifest.lock",
			);
			name = "[CP] Check Pods Manifest.lock";
			outputFileListPaths = (
			);
			outputPaths = (
				"$(DERIVED_FILE_DIR)/Pods-Facebook Auth-checkManifestLockResult.txt",
			);
			runOnlyForDeploymentPostprocessing = 0;
			shellPath = /bin/sh;
			shellScript = "diff \"${PODS_PODFILE_DIR_PATH}/Podfile.lock\" \"${PODS_ROOT}/Manifest.lock\" > /dev/null\nif [ $? != 0 ] ; then\n    # print error to STDERR\n    echo \"error: The sandbox is not in sync with the Podfile.lock. Run 'pod install' or update your CocoaPods installation.\" >&2\n    exit 1\nfi\n# This output is used by Xcode 'outputs' to avoid re-running this script phase.\necho \"SUCCESS\" > \"${SCRIPT_OUTPUT_FILE_0}\"\n";
			showEnvVarsInLog = 0;
		};
		DF684C45DEECD3B1C17F44C9 /* [CP] Embed Pods Frameworks */ = {
			isa = PBXShellScriptBuildPhase;
			buildActionMask = 2147483647;
			files = (
			);
			inputFileListPaths = (
				"${PODS_ROOT}/Target Support Files/Pods-Facebook Auth/Pods-Facebook Auth-frameworks-${CONFIGURATION}-input-files.xcfilelist",
			);
			name = "[CP] Embed Pods Frameworks";
			outputFileListPaths = (
				"${PODS_ROOT}/Target Support Files/Pods-Facebook Auth/Pods-Facebook Auth-frameworks-${CONFIGURATION}-output-files.xcfilelist",
			);
			runOnlyForDeploymentPostprocessing = 0;
			shellPath = /bin/sh;
			shellScript = "\"${PODS_ROOT}/Target Support Files/Pods-Facebook Auth/Pods-Facebook Auth-frameworks.sh\"\n";
			showEnvVarsInLog = 0;
		};
/* End PBXShellScriptBuildPhase section */

/* Begin PBXSourcesBuildPhase section */
		6BD60CBC258E71FC00F3E8C5 /* Sources */ = {
			isa = PBXSourcesBuildPhase;
			buildActionMask = 2147483647;
			files = (
				6BD60CC8258E71FC00F3E8C5 /* LoginViewController.swift in Sources */,
				6BD60CC4258E71FC00F3E8C5 /* AppDelegate.swift in Sources */,
				6BD60CF9258E919900F3E8C5 /* ViewManager.swift in Sources */,
				6BD60CF5258E916F00F3E8C5 /* ProfileViewController.swift in Sources */,
				6BC54996258EBCB300E8A652 /* Users.swift in Sources */,
				6BD60CC6258E71FC00F3E8C5 /* SceneDelegate.swift in Sources */,
			);
			runOnlyForDeploymentPostprocessing = 0;
		};
/* End PBXSourcesBuildPhase section */

/* Begin PBXVariantGroup section */
		6BD60CC9258E71FC00F3E8C5 /* LoginViewController.storyboard */ = {
			isa = PBXVariantGroup;
			children = (
				6BD60CCA258E71FC00F3E8C5 /* Base */,
			);
			name = LoginViewController.storyboard;
			sourceTree = "<group>";
		};
		6BD60CCE258E71FE00F3E8C5 /* LaunchScreen.storyboard */ = {
			isa = PBXVariantGroup;
			children = (
				6BD60CCF258E71FE00F3E8C5 /* Base */,
			);
			name = LaunchScreen.storyboard;
			sourceTree = "<group>";
		};
/* End PBXVariantGroup section */

/* Begin XCBuildConfiguration section */
		6BD60CD2258E71FE00F3E8C5 /* Debug */ = {
			isa = XCBuildConfiguration;
			buildSettings = {
				ALWAYS_SEARCH_USER_PATHS = NO;
				CLANG_ANALYZER_NONNULL = YES;
				CLANG_ANALYZER_NUMBER_OBJECT_CONVERSION = YES_AGGRESSIVE;
				CLANG_CXX_LANGUAGE_STANDARD = "gnu++14";
				CLANG_CXX_LIBRARY = "libc++";
				CLANG_ENABLE_MODULES = YES;
				CLANG_ENABLE_OBJC_ARC = YES;
				CLANG_ENABLE_OBJC_WEAK = YES;
				CLANG_WARN_BLOCK_CAPTURE_AUTORELEASING = YES;
				CLANG_WARN_BOOL_CONVERSION = YES;
				CLANG_WARN_COMMA = YES;
				CLANG_WARN_CONSTANT_CONVERSION = YES;
				CLANG_WARN_DEPRECATED_OBJC_IMPLEMENTATIONS = YES;
				CLANG_WARN_DIRECT_OBJC_ISA_USAGE = YES_ERROR;
				CLANG_WARN_DOCUMENTATION_COMMENTS = YES;
				CLANG_WARN_EMPTY_BODY = YES;
				CLANG_WARN_ENUM_CONVERSION = YES;
				CLANG_WARN_INFINITE_RECURSION = YES;
				CLANG_WARN_INT_CONVERSION = YES;
				CLANG_WARN_NON_LITERAL_NULL_CONVERSION = YES;
				CLANG_WARN_OBJC_IMPLICIT_RETAIN_SELF = YES;
				CLANG_WARN_OBJC_LITERAL_CONVERSION = YES;
				CLANG_WARN_OBJC_ROOT_CLASS = YES_ERROR;
				CLANG_WARN_QUOTED_INCLUDE_IN_FRAMEWORK_HEADER = YES;
				CLANG_WARN_RANGE_LOOP_ANALYSIS = YES;
				CLANG_WARN_STRICT_PROTOTYPES = YES;
				CLANG_WARN_SUSPICIOUS_MOVE = YES;
				CLANG_WARN_UNGUARDED_AVAILABILITY = YES_AGGRESSIVE;
				CLANG_WARN_UNREACHABLE_CODE = YES;
				CLANG_WARN__DUPLICATE_METHOD_MATCH = YES;
				COPY_PHASE_STRIP = NO;
				DEBUG_INFORMATION_FORMAT = dwarf;
				ENABLE_STRICT_OBJC_MSGSEND = YES;
				ENABLE_TESTABILITY = YES;
				GCC_C_LANGUAGE_STANDARD = gnu11;
				GCC_DYNAMIC_NO_PIC = NO;
				GCC_NO_COMMON_BLOCKS = YES;
				GCC_OPTIMIZATION_LEVEL = 0;
				GCC_PREPROCESSOR_DEFINITIONS = (
					"DEBUG=1",
					"$(inherited)",
				);
				GCC_WARN_64_TO_32_BIT_CONVERSION = YES;
				GCC_WARN_ABOUT_RETURN_TYPE = YES_ERROR;
				GCC_WARN_UNDECLARED_SELECTOR = YES;
				GCC_WARN_UNINITIALIZED_AUTOS = YES_AGGRESSIVE;
				GCC_WARN_UNUSED_FUNCTION = YES;
				GCC_WARN_UNUSED_VARIABLE = YES;
				IPHONEOS_DEPLOYMENT_TARGET = 14.3;
				MTL_ENABLE_DEBUG_INFO = INCLUDE_SOURCE;
				MTL_FAST_MATH = YES;
				ONLY_ACTIVE_ARCH = YES;
				SDKROOT = iphoneos;
				SWIFT_ACTIVE_COMPILATION_CONDITIONS = DEBUG;
				SWIFT_OPTIMIZATION_LEVEL = "-Onone";
			};
			name = Debug;
		};
		6BD60CD3258E71FE00F3E8C5 /* Release */ = {
			isa = XCBuildConfiguration;
			buildSettings = {
				ALWAYS_SEARCH_USER_PATHS = NO;
				CLANG_ANALYZER_NONNULL = YES;
				CLANG_ANALYZER_NUMBER_OBJECT_CONVERSION = YES_AGGRESSIVE;
				CLANG_CXX_LANGUAGE_STANDARD = "gnu++14";
				CLANG_CXX_LIBRARY = "libc++";
				CLANG_ENABLE_MODULES = YES;
				CLANG_ENABLE_OBJC_ARC = YES;
				CLANG_ENABLE_OBJC_WEAK = YES;
				CLANG_WARN_BLOCK_CAPTURE_AUTORELEASING = YES;
				CLANG_WARN_BOOL_CONVERSION = YES;
				CLANG_WARN_COMMA = YES;
				CLANG_WARN_CONSTANT_CONVERSION = YES;
				CLANG_WARN_DEPRECATED_OBJC_IMPLEMENTATIONS = YES;
				CLANG_WARN_DIRECT_OBJC_ISA_USAGE = YES_ERROR;
				CLANG_WARN_DOCUMENTATION_COMMENTS = YES;
				CLANG_WARN_EMPTY_BODY = YES;
				CLANG_WARN_ENUM_CONVERSION = YES;
				CLANG_WARN_INFINITE_RECURSION = YES;
				CLANG_WARN_INT_CONVERSION = YES;
				CLANG_WARN_NON_LITERAL_NULL_CONVERSION = YES;
				CLANG_WARN_OBJC_IMPLICIT_RETAIN_SELF = YES;
				CLANG_WARN_OBJC_LITERAL_CONVERSION = YES;
				CLANG_WARN_OBJC_ROOT_CLASS = YES_ERROR;
				CLANG_WARN_QUOTED_INCLUDE_IN_FRAMEWORK_HEADER = YES;
				CLANG_WARN_RANGE_LOOP_ANALYSIS = YES;
				CLANG_WARN_STRICT_PROTOTYPES = YES;
				CLANG_WARN_SUSPICIOUS_MOVE = YES;
				CLANG_WARN_UNGUARDED_AVAILABILITY = YES_AGGRESSIVE;
				CLANG_WARN_UNREACHABLE_CODE = YES;
				CLANG_WARN__DUPLICATE_METHOD_MATCH = YES;
				COPY_PHASE_STRIP = NO;
				DEBUG_INFORMATION_FORMAT = "dwarf-with-dsym";
				ENABLE_NS_ASSERTIONS = NO;
				ENABLE_STRICT_OBJC_MSGSEND = YES;
				GCC_C_LANGUAGE_STANDARD = gnu11;
				GCC_NO_COMMON_BLOCKS = YES;
				GCC_WARN_64_TO_32_BIT_CONVERSION = YES;
				GCC_WARN_ABOUT_RETURN_TYPE = YES_ERROR;
				GCC_WARN_UNDECLARED_SELECTOR = YES;
				GCC_WARN_UNINITIALIZED_AUTOS = YES_AGGRESSIVE;
				GCC_WARN_UNUSED_FUNCTION = YES;
				GCC_WARN_UNUSED_VARIABLE = YES;
				IPHONEOS_DEPLOYMENT_TARGET = 14.3;
				MTL_ENABLE_DEBUG_INFO = NO;
				MTL_FAST_MATH = YES;
				SDKROOT = iphoneos;
				SWIFT_COMPILATION_MODE = wholemodule;
				SWIFT_OPTIMIZATION_LEVEL = "-O";
				VALIDATE_PRODUCT = YES;
			};
			name = Release;
		};
		6BD60CD5258E71FE00F3E8C5 /* Debug */ = {
			isa = XCBuildConfiguration;
			baseConfigurationReference = 813C0577E72B3270FA437333 /* Pods-Facebook Auth.debug.xcconfig */;
			buildSettings = {
				ASSETCATALOG_COMPILER_APPICON_NAME = AppIcon;
				ASSETCATALOG_COMPILER_GLOBAL_ACCENT_COLOR_NAME = AccentColor;
				CODE_SIGN_ENTITLEMENTS = "Facebook Auth/Facebook Auth.entitlements";
				CODE_SIGN_STYLE = Automatic;
				DEVELOPMENT_TEAM = L2PAJC487U;
				INFOPLIST_FILE = "$(SRCROOT)/Facebook Auth/Support/Info.plist";
				IPHONEOS_DEPLOYMENT_TARGET = 13.0;
				LD_RUNPATH_SEARCH_PATHS = (
					"$(inherited)",
					"@executable_path/Frameworks",
				);
				PRODUCT_BUNDLE_IDENTIFIER = "kiseleff.Facebook-Auth";
				PRODUCT_NAME = "$(TARGET_NAME)";
				SWIFT_VERSION = 5.0;
				TARGETED_DEVICE_FAMILY = 1;
			};
			name = Debug;
		};
		6BD60CD6258E71FE00F3E8C5 /* Release */ = {
			isa = XCBuildConfiguration;
			baseConfigurationReference = E155E6C6F0400BCDEE4C6494 /* Pods-Facebook Auth.release.xcconfig */;
			buildSettings = {
				ASSETCATALOG_COMPILER_APPICON_NAME = AppIcon;
				ASSETCATALOG_COMPILER_GLOBAL_ACCENT_COLOR_NAME = AccentColor;
				CODE_SIGN_ENTITLEMENTS = "Facebook Auth/Facebook Auth.entitlements";
				CODE_SIGN_STYLE = Automatic;
				DEVELOPMENT_TEAM = L2PAJC487U;
				INFOPLIST_FILE = "$(SRCROOT)/Facebook Auth/Support/Info.plist";
				IPHONEOS_DEPLOYMENT_TARGET = 13.0;
				LD_RUNPATH_SEARCH_PATHS = (
					"$(inherited)",
					"@executable_path/Frameworks",
				);
				PRODUCT_BUNDLE_IDENTIFIER = "kiseleff.Facebook-Auth";
				PRODUCT_NAME = "$(TARGET_NAME)";
				SWIFT_VERSION = 5.0;
				TARGETED_DEVICE_FAMILY = 1;
			};
			name = Release;
		};
/* End XCBuildConfiguration section */

/* Begin XCConfigurationList section */
		6BD60CBB258E71FC00F3E8C5 /* Build configuration list for PBXProject "Facebook Auth" */ = {
			isa = XCConfigurationList;
			buildConfigurations = (
				6BD60CD2258E71FE00F3E8C5 /* Debug */,
				6BD60CD3258E71FE00F3E8C5 /* Release */,
			);
			defaultConfigurationIsVisible = 0;
			defaultConfigurationName = Release;
		};
		6BD60CD4258E71FE00F3E8C5 /* Build configuration list for PBXNativeTarget "Facebook Auth" */ = {
			isa = XCConfigurationList;
			buildConfigurations = (
				6BD60CD5258E71FE00F3E8C5 /* Debug */,
				6BD60CD6258E71FE00F3E8C5 /* Release */,
			);
			defaultConfigurationIsVisible = 0;
			defaultConfigurationName = Release;
		};
/* End XCConfigurationList section */
	};
	rootObject = 6BD60CB8258E71FC00F3E8C5 /* Project object */;
}
